// !$*UTF8*$!
{
	archiveVersion = 1;
	classes = {
	};
	objectVersion = 46;
	objects = {

/* Begin PBXBuildFile section */
		350156831CDB82B50021759D /* ResourceFilter.swift in Sources */ = {isa = PBXBuildFile; fileRef = 350156821CDB82B50021759D /* ResourceFilter.swift */; };
		350156851CDB83090021759D /* Resource.swift in Sources */ = {isa = PBXBuildFile; fileRef = 350156841CDB83090021759D /* Resource.swift */; };
		3501569A1CDB8E030021759D /* CharacterFilter.swift in Sources */ = {isa = PBXBuildFile; fileRef = 350156991CDB8E030021759D /* CharacterFilter.swift */; };
		3501569C1CDB8E5E0021759D /* ComicFilter.swift in Sources */ = {isa = PBXBuildFile; fileRef = 3501569B1CDB8E5E0021759D /* ComicFilter.swift */; };
		3501569E1CDB8E850021759D /* CreatorFilter.swift in Sources */ = {isa = PBXBuildFile; fileRef = 3501569D1CDB8E850021759D /* CreatorFilter.swift */; };
		350156A01CDB8EAB0021759D /* EventFilter.swift in Sources */ = {isa = PBXBuildFile; fileRef = 3501569F1CDB8EAB0021759D /* EventFilter.swift */; };
		350156A21CDB8ED60021759D /* SeriesFilter.swift in Sources */ = {isa = PBXBuildFile; fileRef = 350156A11CDB8ED60021759D /* SeriesFilter.swift */; };
		350156A41CDB8EF40021759D /* StoryFilter.swift in Sources */ = {isa = PBXBuildFile; fileRef = 350156A31CDB8EF40021759D /* StoryFilter.swift */; };
		350156A61CDB8F520021759D /* Story+ResourceProtocol.swift in Sources */ = {isa = PBXBuildFile; fileRef = 350156A51CDB8F520021759D /* Story+ResourceProtocol.swift */; };
		350156A81CDB8F580021759D /* Series+ResourceProtocol.swift in Sources */ = {isa = PBXBuildFile; fileRef = 350156A71CDB8F580021759D /* Series+ResourceProtocol.swift */; };
		350156AA1CDB8F5F0021759D /* Event+ResourceProtocol.swift in Sources */ = {isa = PBXBuildFile; fileRef = 350156A91CDB8F5F0021759D /* Event+ResourceProtocol.swift */; };
		350156AC1CDB8F650021759D /* Creator+ResourceProtocol.swift in Sources */ = {isa = PBXBuildFile; fileRef = 350156AB1CDB8F650021759D /* Creator+ResourceProtocol.swift */; };
		350156AE1CDB8F6F0021759D /* Comic+ResourceProtocol.swift in Sources */ = {isa = PBXBuildFile; fileRef = 350156AD1CDB8F6F0021759D /* Comic+ResourceProtocol.swift */; };
		350156B01CDB8F760021759D /* Character+ResourceProtocol.swift in Sources */ = {isa = PBXBuildFile; fileRef = 350156AF1CDB8F760021759D /* Character+ResourceProtocol.swift */; };
		3518CE751E1912F1007885D1 /* MarvelKitClient.swift in Sources */ = {isa = PBXBuildFile; fileRef = 3518CE741E1912F1007885D1 /* MarvelKitClient.swift */; };
		3520726B1CD34A0F009BC420 /* MarvelKit.h in Headers */ = {isa = PBXBuildFile; fileRef = 3520726A1CD34A0F009BC420 /* MarvelKit.h */; settings = {ATTRIBUTES = (Public, ); }; };
		352072721CD34A10009BC420 /* MarvelKit.framework in Frameworks */ = {isa = PBXBuildFile; fileRef = 352072671CD34A0F009BC420 /* MarvelKit.framework */; };
		352072A31CD35422009BC420 /* Image.swift in Sources */ = {isa = PBXBuildFile; fileRef = 3520728F1CD35422009BC420 /* Image.swift */; };
		352072A91CD35422009BC420 /* TextObject.swift in Sources */ = {isa = PBXBuildFile; fileRef = 352072951CD35422009BC420 /* TextObject.swift */; };
		352072AA1CD35422009BC420 /* Url.swift in Sources */ = {isa = PBXBuildFile; fileRef = 352072961CD35422009BC420 /* Url.swift */; };
		352072D41CD36928009BC420 /* Character.swift in Sources */ = {isa = PBXBuildFile; fileRef = 352072CF1CD36928009BC420 /* Character.swift */; };
		352072D81CD36928009BC420 /* CharacterSummary.swift in Sources */ = {isa = PBXBuildFile; fileRef = 352072D31CD36928009BC420 /* CharacterSummary.swift */; };
		352072E01CD3694A009BC420 /* Comic.swift in Sources */ = {isa = PBXBuildFile; fileRef = 352072D91CD3694A009BC420 /* Comic.swift */; };
		352072E31CD3694A009BC420 /* ComicDate.swift in Sources */ = {isa = PBXBuildFile; fileRef = 352072DC1CD3694A009BC420 /* ComicDate.swift */; };
		352072E51CD3694A009BC420 /* ComicPrice.swift in Sources */ = {isa = PBXBuildFile; fileRef = 352072DE1CD3694A009BC420 /* ComicPrice.swift */; };
		352072E61CD3694A009BC420 /* ComicSummary.swift in Sources */ = {isa = PBXBuildFile; fileRef = 352072DF1CD3694A009BC420 /* ComicSummary.swift */; };
		352072EC1CD36963009BC420 /* Creator.swift in Sources */ = {isa = PBXBuildFile; fileRef = 352072E71CD36963009BC420 /* Creator.swift */; };
		352072F01CD36963009BC420 /* CreatorSummary.swift in Sources */ = {isa = PBXBuildFile; fileRef = 352072EB1CD36963009BC420 /* CreatorSummary.swift */; };
		352072F61CD3699B009BC420 /* Event.swift in Sources */ = {isa = PBXBuildFile; fileRef = 352072F11CD3699B009BC420 /* Event.swift */; };
		352072FA1CD3699B009BC420 /* EventSummary.swift in Sources */ = {isa = PBXBuildFile; fileRef = 352072F51CD3699B009BC420 /* EventSummary.swift */; };
		352073001CD369A6009BC420 /* Series.swift in Sources */ = {isa = PBXBuildFile; fileRef = 352072FB1CD369A6009BC420 /* Series.swift */; };
		352073041CD369A6009BC420 /* SeriesSummary.swift in Sources */ = {isa = PBXBuildFile; fileRef = 352072FF1CD369A6009BC420 /* SeriesSummary.swift */; };
		3520730A1CD369AF009BC420 /* Story.swift in Sources */ = {isa = PBXBuildFile; fileRef = 352073051CD369AF009BC420 /* Story.swift */; };
		3520730E1CD369AF009BC420 /* StorySummary.swift in Sources */ = {isa = PBXBuildFile; fileRef = 352073091CD369AF009BC420 /* StorySummary.swift */; };
		352073121CD3713B009BC420 /* Data.swift in Sources */ = {isa = PBXBuildFile; fileRef = 352073111CD3713B009BC420 /* Data.swift */; };
		352073141CD3714A009BC420 /* DataContainer.swift in Sources */ = {isa = PBXBuildFile; fileRef = 352073131CD3714A009BC420 /* DataContainer.swift */; };
		352073161CD3715A009BC420 /* DataWrapper.swift in Sources */ = {isa = PBXBuildFile; fileRef = 352073151CD3715A009BC420 /* DataWrapper.swift */; };
		3520731A1CD37180009BC420 /* List.swift in Sources */ = {isa = PBXBuildFile; fileRef = 352073191CD37180009BC420 /* List.swift */; };
		3520731C1CD371A4009BC420 /* Summary.swift in Sources */ = {isa = PBXBuildFile; fileRef = 3520731B1CD371A4009BC420 /* Summary.swift */; };
		352073201CD3B053009BC420 /* JSONObjectConvertible.swift in Sources */ = {isa = PBXBuildFile; fileRef = 3520731F1CD3B053009BC420 /* JSONObjectConvertible.swift */; };
		352073241CD3CC73009BC420 /* CharacterTests.swift in Sources */ = {isa = PBXBuildFile; fileRef = 352073231CD3CC73009BC420 /* CharacterTests.swift */; };
		352073261CD3CC7E009BC420 /* ComicTests.swift in Sources */ = {isa = PBXBuildFile; fileRef = 352073251CD3CC7E009BC420 /* ComicTests.swift */; };
		352073281CD3CC91009BC420 /* CreatorTests.swift in Sources */ = {isa = PBXBuildFile; fileRef = 352073271CD3CC91009BC420 /* CreatorTests.swift */; };
		3520732A1CD3CCA5009BC420 /* EventTests.swift in Sources */ = {isa = PBXBuildFile; fileRef = 352073291CD3CCA5009BC420 /* EventTests.swift */; };
		3520732C1CD3CCB2009BC420 /* SeriesTests.swift in Sources */ = {isa = PBXBuildFile; fileRef = 3520732B1CD3CCB2009BC420 /* SeriesTests.swift */; };
		3520732E1CD3CCBD009BC420 /* StoryTests.swift in Sources */ = {isa = PBXBuildFile; fileRef = 3520732D1CD3CCBD009BC420 /* StoryTests.swift */; };
		352073361CD3CE14009BC420 /* StoryTests.json in Resources */ = {isa = PBXBuildFile; fileRef = 352073301CD3CE14009BC420 /* StoryTests.json */; };
		352073371CD3CE14009BC420 /* SeriesTests.json in Resources */ = {isa = PBXBuildFile; fileRef = 352073311CD3CE14009BC420 /* SeriesTests.json */; };
		352073381CD3CE14009BC420 /* EventTests.json in Resources */ = {isa = PBXBuildFile; fileRef = 352073321CD3CE14009BC420 /* EventTests.json */; };
		352073391CD3CE14009BC420 /* CreatorTests.json in Resources */ = {isa = PBXBuildFile; fileRef = 352073331CD3CE14009BC420 /* CreatorTests.json */; };
		3520733A1CD3CE14009BC420 /* CharacterTests.json in Resources */ = {isa = PBXBuildFile; fileRef = 352073341CD3CE14009BC420 /* CharacterTests.json */; };
		3520733B1CD3CE14009BC420 /* ComicTests.json in Resources */ = {isa = PBXBuildFile; fileRef = 352073351CD3CE14009BC420 /* ComicTests.json */; };
		352364781CFB40B2002A30B8 /* ComicURLTests.swift in Sources */ = {isa = PBXBuildFile; fileRef = 352364771CFB40B2002A30B8 /* ComicURLTests.swift */; };
		3523647A1CFB40D9002A30B8 /* CharacterURLTests.swift in Sources */ = {isa = PBXBuildFile; fileRef = 352364791CFB40D9002A30B8 /* CharacterURLTests.swift */; };
		3523647C1CFB40E7002A30B8 /* CreatorURLTests.swift in Sources */ = {isa = PBXBuildFile; fileRef = 3523647B1CFB40E7002A30B8 /* CreatorURLTests.swift */; };
		3523647E1CFB40F3002A30B8 /* EventURLTests.swift in Sources */ = {isa = PBXBuildFile; fileRef = 3523647D1CFB40F3002A30B8 /* EventURLTests.swift */; };
		352364801CFB4100002A30B8 /* SeriesURLTests.swift in Sources */ = {isa = PBXBuildFile; fileRef = 3523647F1CFB4100002A30B8 /* SeriesURLTests.swift */; };
		352364821CFB410B002A30B8 /* StoryURLTests.swift in Sources */ = {isa = PBXBuildFile; fileRef = 352364811CFB410B002A30B8 /* StoryURLTests.swift */; };
		3528E76E1CE8A04C00A53022 /* Error.swift in Sources */ = {isa = PBXBuildFile; fileRef = 3528E76D1CE8A04C00A53022 /* Error.swift */; };
		3528E7711CE8B05000A53022 /* URL+Parameters.swift in Sources */ = {isa = PBXBuildFile; fileRef = 3528E7701CE8B05000A53022 /* URL+Parameters.swift */; };
		3528E7731CE8B0A500A53022 /* URLSession+Tasks.swift in Sources */ = {isa = PBXBuildFile; fileRef = 3528E7721CE8B0A500A53022 /* URLSession+Tasks.swift */; };
		3528E7771CE8E63200A53022 /* ResourceParameter.swift in Sources */ = {isa = PBXBuildFile; fileRef = 3528E7761CE8E63200A53022 /* ResourceParameter.swift */; };
		3528E7791CE8E7DD00A53022 /* CharacterParameter.swift in Sources */ = {isa = PBXBuildFile; fileRef = 3528E7781CE8E7DD00A53022 /* CharacterParameter.swift */; };
		3528E77D1CE8EC0600A53022 /* ComicParameter.swift in Sources */ = {isa = PBXBuildFile; fileRef = 3528E77C1CE8EC0600A53022 /* ComicParameter.swift */; };
		3528E77F1CE8EC2000A53022 /* CreatorParameter.swift in Sources */ = {isa = PBXBuildFile; fileRef = 3528E77E1CE8EC2000A53022 /* CreatorParameter.swift */; };
		3528E7811CE8EC3000A53022 /* EventParameter.swift in Sources */ = {isa = PBXBuildFile; fileRef = 3528E7801CE8EC3000A53022 /* EventParameter.swift */; };
		3528E7831CE8EC4600A53022 /* SeriesParameter.swift in Sources */ = {isa = PBXBuildFile; fileRef = 3528E7821CE8EC4600A53022 /* SeriesParameter.swift */; };
		3528E7851CE8EC6100A53022 /* StoryParameter.swift in Sources */ = {isa = PBXBuildFile; fileRef = 3528E7841CE8EC6100A53022 /* StoryParameter.swift */; };
		3528E7871CE90BE300A53022 /* DateFormatter+Conversion.swift in Sources */ = {isa = PBXBuildFile; fileRef = 3528E7861CE90BE300A53022 /* DateFormatter+Conversion.swift */; };
		3528E78B1CE9328E00A53022 /* Sequence+Reduce.swift in Sources */ = {isa = PBXBuildFile; fileRef = 3528E78A1CE9328E00A53022 /* Sequence+Reduce.swift */; };
		3528E78D1CE9E11700A53022 /* Authentication.swift in Sources */ = {isa = PBXBuildFile; fileRef = 3528E78C1CE9E11700A53022 /* Authentication.swift */; };
		3528E78F1CE9EAF000A53022 /* Request.swift in Sources */ = {isa = PBXBuildFile; fileRef = 3528E78E1CE9EAF000A53022 /* Request.swift */; };
		3528E7941CE9EDDF00A53022 /* AuthenticationTests.swift in Sources */ = {isa = PBXBuildFile; fileRef = 3528E7931CE9EDDF00A53022 /* AuthenticationTests.swift */; };
		3528E7981CEA23ED00A53022 /* ComicParameterTests.swift in Sources */ = {isa = PBXBuildFile; fileRef = 3528E7971CEA23EC00A53022 /* ComicParameterTests.swift */; };
		3528E79A1CEA47FB00A53022 /* CharacterParameterTests.swift in Sources */ = {isa = PBXBuildFile; fileRef = 3528E7991CEA47FB00A53022 /* CharacterParameterTests.swift */; };
		3528E79C1CEA4B6400A53022 /* CreatorParameterTests.swift in Sources */ = {isa = PBXBuildFile; fileRef = 3528E79B1CEA4B6400A53022 /* CreatorParameterTests.swift */; };
		3528E79E1CEA4BA400A53022 /* EventParameterTests.swift in Sources */ = {isa = PBXBuildFile; fileRef = 3528E79D1CEA4BA400A53022 /* EventParameterTests.swift */; };
		3528E7A01CEA4BC800A53022 /* SeriesParameterTests.swift in Sources */ = {isa = PBXBuildFile; fileRef = 3528E79F1CEA4BC800A53022 /* SeriesParameterTests.swift */; };
		3528E7A21CEA4BE900A53022 /* StoryParameterTests.swift in Sources */ = {isa = PBXBuildFile; fileRef = 3528E7A11CEA4BE900A53022 /* StoryParameterTests.swift */; };
		AD00523A1EEB4CE2007F2161 /* CreatorSummary+Role.swift in Sources */ = {isa = PBXBuildFile; fileRef = AD0052391EEB4CE2007F2161 /* CreatorSummary+Role.swift */; };
		AD3E3DC81F00318300F0EF27 /* CommonCryptoWrapper.framework in Frameworks */ = {isa = PBXBuildFile; fileRef = AD3E3DBF1F00318300F0EF27 /* CommonCryptoWrapper.framework */; };
		AD3E3DCD1F00318300F0EF27 /* CommonCryptoWrapperTests.m in Sources */ = {isa = PBXBuildFile; fileRef = AD3E3DCC1F00318300F0EF27 /* CommonCryptoWrapperTests.m */; };
		AD3E3DCF1F00318300F0EF27 /* CommonCryptoWrapper.h in Headers */ = {isa = PBXBuildFile; fileRef = AD3E3DC11F00318300F0EF27 /* CommonCryptoWrapper.h */; settings = {ATTRIBUTES = (Public, ); }; };
		AD3E3DD81F0031DE00F0EF27 /* NSString+MD5.h in Headers */ = {isa = PBXBuildFile; fileRef = AD3E3DD61F0031DE00F0EF27 /* NSString+MD5.h */; settings = {ATTRIBUTES = (Public, ); }; };
		AD3E3DD91F0031DE00F0EF27 /* NSString+MD5.m in Sources */ = {isa = PBXBuildFile; fileRef = AD3E3DD71F0031DE00F0EF27 /* NSString+MD5.m */; };
		AD3E3DDA1F00354E00F0EF27 /* CommonCryptoWrapper.framework in Frameworks */ = {isa = PBXBuildFile; fileRef = AD3E3DBF1F00318300F0EF27 /* CommonCryptoWrapper.framework */; };
		AD3E3DDC1F00415C00F0EF27 /* ImageTests.swift in Sources */ = {isa = PBXBuildFile; fileRef = AD3E3DDB1F00415C00F0EF27 /* ImageTests.swift */; };
		AD3E3DDE1F00507F00F0EF27 /* Date+Factory.swift in Sources */ = {isa = PBXBuildFile; fileRef = AD3E3DDD1F00507F00F0EF27 /* Date+Factory.swift */; };
/* End PBXBuildFile section */

/* Begin PBXContainerItemProxy section */
		352072731CD34A10009BC420 /* PBXContainerItemProxy */ = {
			isa = PBXContainerItemProxy;
			containerPortal = 3520725E1CD34A0F009BC420 /* Project object */;
			proxyType = 1;
			remoteGlobalIDString = 352072661CD34A0F009BC420;
			remoteInfo = MarvelKit;
		};
		AD3E3DC91F00318300F0EF27 /* PBXContainerItemProxy */ = {
			isa = PBXContainerItemProxy;
			containerPortal = 3520725E1CD34A0F009BC420 /* Project object */;
			proxyType = 1;
			remoteGlobalIDString = AD3E3DBE1F00318300F0EF27;
			remoteInfo = CommonCryptoWrapper;
		};
/* End PBXContainerItemProxy section */

/* Begin PBXFileReference section */
		350156821CDB82B50021759D /* ResourceFilter.swift */ = {isa = PBXFileReference; fileEncoding = 4; lastKnownFileType = sourcecode.swift; name = ResourceFilter.swift; path = Request/ResourceFilter.swift; sourceTree = "<group>"; };
		350156841CDB83090021759D /* Resource.swift */ = {isa = PBXFileReference; fileEncoding = 4; lastKnownFileType = sourcecode.swift; name = Resource.swift; path = Request/Resource.swift; sourceTree = "<group>"; };
		350156991CDB8E030021759D /* CharacterFilter.swift */ = {isa = PBXFileReference; fileEncoding = 4; lastKnownFileType = sourcecode.swift; name = CharacterFilter.swift; path = Request/Characters/CharacterFilter.swift; sourceTree = "<group>"; };
		3501569B1CDB8E5E0021759D /* ComicFilter.swift */ = {isa = PBXFileReference; fileEncoding = 4; lastKnownFileType = sourcecode.swift; name = ComicFilter.swift; path = Request/Comics/ComicFilter.swift; sourceTree = "<group>"; };
		3501569D1CDB8E850021759D /* CreatorFilter.swift */ = {isa = PBXFileReference; fileEncoding = 4; lastKnownFileType = sourcecode.swift; name = CreatorFilter.swift; path = Request/Creators/CreatorFilter.swift; sourceTree = "<group>"; };
		3501569F1CDB8EAB0021759D /* EventFilter.swift */ = {isa = PBXFileReference; fileEncoding = 4; lastKnownFileType = sourcecode.swift; name = EventFilter.swift; path = Request/Events/EventFilter.swift; sourceTree = "<group>"; };
		350156A11CDB8ED60021759D /* SeriesFilter.swift */ = {isa = PBXFileReference; fileEncoding = 4; lastKnownFileType = sourcecode.swift; name = SeriesFilter.swift; path = Request/Series/SeriesFilter.swift; sourceTree = "<group>"; };
		350156A31CDB8EF40021759D /* StoryFilter.swift */ = {isa = PBXFileReference; fileEncoding = 4; lastKnownFileType = sourcecode.swift; name = StoryFilter.swift; path = Request/Stories/StoryFilter.swift; sourceTree = "<group>"; };
		350156A51CDB8F520021759D /* Story+ResourceProtocol.swift */ = {isa = PBXFileReference; fileEncoding = 4; lastKnownFileType = sourcecode.swift; name = "Story+ResourceProtocol.swift"; path = "Request/Stories/Story+ResourceProtocol.swift"; sourceTree = "<group>"; };
		350156A71CDB8F580021759D /* Series+ResourceProtocol.swift */ = {isa = PBXFileReference; fileEncoding = 4; lastKnownFileType = sourcecode.swift; name = "Series+ResourceProtocol.swift"; path = "Request/Series/Series+ResourceProtocol.swift"; sourceTree = "<group>"; };
		350156A91CDB8F5F0021759D /* Event+ResourceProtocol.swift */ = {isa = PBXFileReference; fileEncoding = 4; lastKnownFileType = sourcecode.swift; name = "Event+ResourceProtocol.swift"; path = "Request/Events/Event+ResourceProtocol.swift"; sourceTree = "<group>"; };
		350156AB1CDB8F650021759D /* Creator+ResourceProtocol.swift */ = {isa = PBXFileReference; fileEncoding = 4; lastKnownFileType = sourcecode.swift; name = "Creator+ResourceProtocol.swift"; path = "Request/Creators/Creator+ResourceProtocol.swift"; sourceTree = "<group>"; };
		350156AD1CDB8F6F0021759D /* Comic+ResourceProtocol.swift */ = {isa = PBXFileReference; fileEncoding = 4; lastKnownFileType = sourcecode.swift; name = "Comic+ResourceProtocol.swift"; path = "Request/Comics/Comic+ResourceProtocol.swift"; sourceTree = "<group>"; };
		350156AF1CDB8F760021759D /* Character+ResourceProtocol.swift */ = {isa = PBXFileReference; fileEncoding = 4; lastKnownFileType = sourcecode.swift; name = "Character+ResourceProtocol.swift"; path = "Request/Characters/Character+ResourceProtocol.swift"; sourceTree = "<group>"; };
		3518CE741E1912F1007885D1 /* MarvelKitClient.swift */ = {isa = PBXFileReference; fileEncoding = 4; lastKnownFileType = sourcecode.swift; path = MarvelKitClient.swift; sourceTree = "<group>"; };
		352072671CD34A0F009BC420 /* MarvelKit.framework */ = {isa = PBXFileReference; explicitFileType = wrapper.framework; includeInIndex = 0; path = MarvelKit.framework; sourceTree = BUILT_PRODUCTS_DIR; };
		3520726A1CD34A0F009BC420 /* MarvelKit.h */ = {isa = PBXFileReference; lastKnownFileType = sourcecode.c.h; path = MarvelKit.h; sourceTree = "<group>"; };
		3520726C1CD34A0F009BC420 /* Info.plist */ = {isa = PBXFileReference; lastKnownFileType = text.plist.xml; path = Info.plist; sourceTree = "<group>"; };
		352072711CD34A10009BC420 /* MarvelKitTests.xctest */ = {isa = PBXFileReference; explicitFileType = wrapper.cfbundle; includeInIndex = 0; path = MarvelKitTests.xctest; sourceTree = BUILT_PRODUCTS_DIR; };
		352072781CD34A10009BC420 /* Info.plist */ = {isa = PBXFileReference; lastKnownFileType = text.plist.xml; path = Info.plist; sourceTree = "<group>"; };
		3520728F1CD35422009BC420 /* Image.swift */ = {isa = PBXFileReference; fileEncoding = 4; lastKnownFileType = sourcecode.swift; name = Image.swift; path = Response/Image.swift; sourceTree = "<group>"; };
		352072951CD35422009BC420 /* TextObject.swift */ = {isa = PBXFileReference; fileEncoding = 4; lastKnownFileType = sourcecode.swift; name = TextObject.swift; path = Response/TextObject.swift; sourceTree = "<group>"; };
		352072961CD35422009BC420 /* Url.swift */ = {isa = PBXFileReference; fileEncoding = 4; lastKnownFileType = sourcecode.swift; name = Url.swift; path = Response/Url.swift; sourceTree = "<group>"; };
		352072CF1CD36928009BC420 /* Character.swift */ = {isa = PBXFileReference; fileEncoding = 4; lastKnownFileType = sourcecode.swift; name = Character.swift; path = Response/Characters/Character.swift; sourceTree = "<group>"; };
		352072D31CD36928009BC420 /* CharacterSummary.swift */ = {isa = PBXFileReference; fileEncoding = 4; lastKnownFileType = sourcecode.swift; name = CharacterSummary.swift; path = Response/Characters/CharacterSummary.swift; sourceTree = "<group>"; };
		352072D91CD3694A009BC420 /* Comic.swift */ = {isa = PBXFileReference; fileEncoding = 4; lastKnownFileType = sourcecode.swift; name = Comic.swift; path = Response/Comics/Comic.swift; sourceTree = "<group>"; };
		352072DC1CD3694A009BC420 /* ComicDate.swift */ = {isa = PBXFileReference; fileEncoding = 4; lastKnownFileType = sourcecode.swift; name = ComicDate.swift; path = Response/Comics/ComicDate.swift; sourceTree = "<group>"; };
		352072DE1CD3694A009BC420 /* ComicPrice.swift */ = {isa = PBXFileReference; fileEncoding = 4; lastKnownFileType = sourcecode.swift; name = ComicPrice.swift; path = Response/Comics/ComicPrice.swift; sourceTree = "<group>"; };
		352072DF1CD3694A009BC420 /* ComicSummary.swift */ = {isa = PBXFileReference; fileEncoding = 4; lastKnownFileType = sourcecode.swift; name = ComicSummary.swift; path = Response/Comics/ComicSummary.swift; sourceTree = "<group>"; };
		352072E71CD36963009BC420 /* Creator.swift */ = {isa = PBXFileReference; fileEncoding = 4; lastKnownFileType = sourcecode.swift; name = Creator.swift; path = Response/Creators/Creator.swift; sourceTree = "<group>"; };
		352072EB1CD36963009BC420 /* CreatorSummary.swift */ = {isa = PBXFileReference; fileEncoding = 4; lastKnownFileType = sourcecode.swift; name = CreatorSummary.swift; path = Response/Creators/CreatorSummary.swift; sourceTree = "<group>"; };
		352072F11CD3699B009BC420 /* Event.swift */ = {isa = PBXFileReference; fileEncoding = 4; lastKnownFileType = sourcecode.swift; name = Event.swift; path = Response/Events/Event.swift; sourceTree = "<group>"; };
		352072F51CD3699B009BC420 /* EventSummary.swift */ = {isa = PBXFileReference; fileEncoding = 4; lastKnownFileType = sourcecode.swift; name = EventSummary.swift; path = Response/Events/EventSummary.swift; sourceTree = "<group>"; };
		352072FB1CD369A6009BC420 /* Series.swift */ = {isa = PBXFileReference; fileEncoding = 4; lastKnownFileType = sourcecode.swift; name = Series.swift; path = Response/Series/Series.swift; sourceTree = "<group>"; };
		352072FF1CD369A6009BC420 /* SeriesSummary.swift */ = {isa = PBXFileReference; fileEncoding = 4; lastKnownFileType = sourcecode.swift; name = SeriesSummary.swift; path = Response/Series/SeriesSummary.swift; sourceTree = "<group>"; };
		352073051CD369AF009BC420 /* Story.swift */ = {isa = PBXFileReference; fileEncoding = 4; lastKnownFileType = sourcecode.swift; name = Story.swift; path = Response/Stories/Story.swift; sourceTree = "<group>"; };
		352073091CD369AF009BC420 /* StorySummary.swift */ = {isa = PBXFileReference; fileEncoding = 4; lastKnownFileType = sourcecode.swift; name = StorySummary.swift; path = Response/Stories/StorySummary.swift; sourceTree = "<group>"; };
		352073111CD3713B009BC420 /* Data.swift */ = {isa = PBXFileReference; fileEncoding = 4; lastKnownFileType = sourcecode.swift; name = Data.swift; path = Response/Data.swift; sourceTree = "<group>"; };
		352073131CD3714A009BC420 /* DataContainer.swift */ = {isa = PBXFileReference; fileEncoding = 4; lastKnownFileType = sourcecode.swift; name = DataContainer.swift; path = Response/DataContainer.swift; sourceTree = "<group>"; };
		352073151CD3715A009BC420 /* DataWrapper.swift */ = {isa = PBXFileReference; fileEncoding = 4; lastKnownFileType = sourcecode.swift; name = DataWrapper.swift; path = Response/DataWrapper.swift; sourceTree = "<group>"; };
		352073191CD37180009BC420 /* List.swift */ = {isa = PBXFileReference; fileEncoding = 4; lastKnownFileType = sourcecode.swift; name = List.swift; path = Response/List.swift; sourceTree = "<group>"; };
		3520731B1CD371A4009BC420 /* Summary.swift */ = {isa = PBXFileReference; fileEncoding = 4; lastKnownFileType = sourcecode.swift; name = Summary.swift; path = Response/Summary.swift; sourceTree = "<group>"; };
		3520731F1CD3B053009BC420 /* JSONObjectConvertible.swift */ = {isa = PBXFileReference; fileEncoding = 4; lastKnownFileType = sourcecode.swift; name = JSONObjectConvertible.swift; path = Utils/JSONObjectConvertible.swift; sourceTree = "<group>"; };
		352073231CD3CC73009BC420 /* CharacterTests.swift */ = {isa = PBXFileReference; fileEncoding = 4; lastKnownFileType = sourcecode.swift; path = CharacterTests.swift; sourceTree = "<group>"; };
		352073251CD3CC7E009BC420 /* ComicTests.swift */ = {isa = PBXFileReference; fileEncoding = 4; lastKnownFileType = sourcecode.swift; path = ComicTests.swift; sourceTree = "<group>"; };
		352073271CD3CC91009BC420 /* CreatorTests.swift */ = {isa = PBXFileReference; fileEncoding = 4; lastKnownFileType = sourcecode.swift; path = CreatorTests.swift; sourceTree = "<group>"; };
		352073291CD3CCA5009BC420 /* EventTests.swift */ = {isa = PBXFileReference; fileEncoding = 4; lastKnownFileType = sourcecode.swift; path = EventTests.swift; sourceTree = "<group>"; };
		3520732B1CD3CCB2009BC420 /* SeriesTests.swift */ = {isa = PBXFileReference; fileEncoding = 4; lastKnownFileType = sourcecode.swift; path = SeriesTests.swift; sourceTree = "<group>"; };
		3520732D1CD3CCBD009BC420 /* StoryTests.swift */ = {isa = PBXFileReference; fileEncoding = 4; lastKnownFileType = sourcecode.swift; path = StoryTests.swift; sourceTree = "<group>"; };
		352073301CD3CE14009BC420 /* StoryTests.json */ = {isa = PBXFileReference; fileEncoding = 4; lastKnownFileType = text.json; name = StoryTests.json; path = Resources/StoryTests.json; sourceTree = "<group>"; };
		352073311CD3CE14009BC420 /* SeriesTests.json */ = {isa = PBXFileReference; fileEncoding = 4; lastKnownFileType = text.json; name = SeriesTests.json; path = Resources/SeriesTests.json; sourceTree = "<group>"; };
		352073321CD3CE14009BC420 /* EventTests.json */ = {isa = PBXFileReference; fileEncoding = 4; lastKnownFileType = text.json; name = EventTests.json; path = Resources/EventTests.json; sourceTree = "<group>"; };
		352073331CD3CE14009BC420 /* CreatorTests.json */ = {isa = PBXFileReference; fileEncoding = 4; lastKnownFileType = text.json; name = CreatorTests.json; path = Resources/CreatorTests.json; sourceTree = "<group>"; };
		352073341CD3CE14009BC420 /* CharacterTests.json */ = {isa = PBXFileReference; fileEncoding = 4; lastKnownFileType = text.json; name = CharacterTests.json; path = Resources/CharacterTests.json; sourceTree = "<group>"; };
		352073351CD3CE14009BC420 /* ComicTests.json */ = {isa = PBXFileReference; fileEncoding = 4; lastKnownFileType = text.json; name = ComicTests.json; path = Resources/ComicTests.json; sourceTree = "<group>"; };
		352364771CFB40B2002A30B8 /* ComicURLTests.swift */ = {isa = PBXFileReference; fileEncoding = 4; lastKnownFileType = sourcecode.swift; path = ComicURLTests.swift; sourceTree = "<group>"; };
		352364791CFB40D9002A30B8 /* CharacterURLTests.swift */ = {isa = PBXFileReference; fileEncoding = 4; lastKnownFileType = sourcecode.swift; path = CharacterURLTests.swift; sourceTree = "<group>"; };
		3523647B1CFB40E7002A30B8 /* CreatorURLTests.swift */ = {isa = PBXFileReference; fileEncoding = 4; lastKnownFileType = sourcecode.swift; path = CreatorURLTests.swift; sourceTree = "<group>"; };
		3523647D1CFB40F3002A30B8 /* EventURLTests.swift */ = {isa = PBXFileReference; fileEncoding = 4; lastKnownFileType = sourcecode.swift; path = EventURLTests.swift; sourceTree = "<group>"; };
		3523647F1CFB4100002A30B8 /* SeriesURLTests.swift */ = {isa = PBXFileReference; fileEncoding = 4; lastKnownFileType = sourcecode.swift; path = SeriesURLTests.swift; sourceTree = "<group>"; };
		352364811CFB410B002A30B8 /* StoryURLTests.swift */ = {isa = PBXFileReference; fileEncoding = 4; lastKnownFileType = sourcecode.swift; path = StoryURLTests.swift; sourceTree = "<group>"; };
		3528E76D1CE8A04C00A53022 /* Error.swift */ = {isa = PBXFileReference; fileEncoding = 4; lastKnownFileType = sourcecode.swift; name = Error.swift; path = Response/Error.swift; sourceTree = "<group>"; };
		3528E7701CE8B05000A53022 /* URL+Parameters.swift */ = {isa = PBXFileReference; fileEncoding = 4; lastKnownFileType = sourcecode.swift; name = "URL+Parameters.swift"; path = "Extensions/URL+Parameters.swift"; sourceTree = "<group>"; };
		3528E7721CE8B0A500A53022 /* URLSession+Tasks.swift */ = {isa = PBXFileReference; fileEncoding = 4; lastKnownFileType = sourcecode.swift; name = "URLSession+Tasks.swift"; path = "Extensions/URLSession+Tasks.swift"; sourceTree = "<group>"; };
		3528E7761CE8E63200A53022 /* ResourceParameter.swift */ = {isa = PBXFileReference; fileEncoding = 4; lastKnownFileType = sourcecode.swift; name = ResourceParameter.swift; path = Request/ResourceParameter.swift; sourceTree = "<group>"; };
		3528E7781CE8E7DD00A53022 /* CharacterParameter.swift */ = {isa = PBXFileReference; fileEncoding = 4; lastKnownFileType = sourcecode.swift; name = CharacterParameter.swift; path = Request/Characters/CharacterParameter.swift; sourceTree = "<group>"; };
		3528E77C1CE8EC0600A53022 /* ComicParameter.swift */ = {isa = PBXFileReference; fileEncoding = 4; lastKnownFileType = sourcecode.swift; name = ComicParameter.swift; path = Request/Comics/ComicParameter.swift; sourceTree = "<group>"; };
		3528E77E1CE8EC2000A53022 /* CreatorParameter.swift */ = {isa = PBXFileReference; fileEncoding = 4; lastKnownFileType = sourcecode.swift; name = CreatorParameter.swift; path = Request/Creators/CreatorParameter.swift; sourceTree = "<group>"; };
		3528E7801CE8EC3000A53022 /* EventParameter.swift */ = {isa = PBXFileReference; fileEncoding = 4; lastKnownFileType = sourcecode.swift; name = EventParameter.swift; path = Request/Events/EventParameter.swift; sourceTree = "<group>"; };
		3528E7821CE8EC4600A53022 /* SeriesParameter.swift */ = {isa = PBXFileReference; fileEncoding = 4; lastKnownFileType = sourcecode.swift; name = SeriesParameter.swift; path = Request/Series/SeriesParameter.swift; sourceTree = "<group>"; };
		3528E7841CE8EC6100A53022 /* StoryParameter.swift */ = {isa = PBXFileReference; fileEncoding = 4; lastKnownFileType = sourcecode.swift; name = StoryParameter.swift; path = Request/Stories/StoryParameter.swift; sourceTree = "<group>"; };
		3528E7861CE90BE300A53022 /* DateFormatter+Conversion.swift */ = {isa = PBXFileReference; fileEncoding = 4; lastKnownFileType = sourcecode.swift; name = "DateFormatter+Conversion.swift"; path = "Extensions/DateFormatter+Conversion.swift"; sourceTree = "<group>"; };
		3528E78A1CE9328E00A53022 /* Sequence+Reduce.swift */ = {isa = PBXFileReference; fileEncoding = 4; lastKnownFileType = sourcecode.swift; name = "Sequence+Reduce.swift"; path = "Extensions/Sequence+Reduce.swift"; sourceTree = "<group>"; };
		3528E78C1CE9E11700A53022 /* Authentication.swift */ = {isa = PBXFileReference; fileEncoding = 4; lastKnownFileType = sourcecode.swift; name = Authentication.swift; path = Request/Authentication.swift; sourceTree = "<group>"; };
		3528E78E1CE9EAF000A53022 /* Request.swift */ = {isa = PBXFileReference; fileEncoding = 4; lastKnownFileType = sourcecode.swift; name = Request.swift; path = Request/Request.swift; sourceTree = "<group>"; };
		3528E7931CE9EDDF00A53022 /* AuthenticationTests.swift */ = {isa = PBXFileReference; fileEncoding = 4; lastKnownFileType = sourcecode.swift; path = AuthenticationTests.swift; sourceTree = "<group>"; };
		3528E7971CEA23EC00A53022 /* ComicParameterTests.swift */ = {isa = PBXFileReference; fileEncoding = 4; lastKnownFileType = sourcecode.swift; path = ComicParameterTests.swift; sourceTree = "<group>"; };
		3528E7991CEA47FB00A53022 /* CharacterParameterTests.swift */ = {isa = PBXFileReference; fileEncoding = 4; lastKnownFileType = sourcecode.swift; path = CharacterParameterTests.swift; sourceTree = "<group>"; };
		3528E79B1CEA4B6400A53022 /* CreatorParameterTests.swift */ = {isa = PBXFileReference; fileEncoding = 4; lastKnownFileType = sourcecode.swift; path = CreatorParameterTests.swift; sourceTree = "<group>"; };
		3528E79D1CEA4BA400A53022 /* EventParameterTests.swift */ = {isa = PBXFileReference; fileEncoding = 4; lastKnownFileType = sourcecode.swift; path = EventParameterTests.swift; sourceTree = "<group>"; };
		3528E79F1CEA4BC800A53022 /* SeriesParameterTests.swift */ = {isa = PBXFileReference; fileEncoding = 4; lastKnownFileType = sourcecode.swift; path = SeriesParameterTests.swift; sourceTree = "<group>"; };
		3528E7A11CEA4BE900A53022 /* StoryParameterTests.swift */ = {isa = PBXFileReference; fileEncoding = 4; lastKnownFileType = sourcecode.swift; path = StoryParameterTests.swift; sourceTree = "<group>"; };
		AD0052391EEB4CE2007F2161 /* CreatorSummary+Role.swift */ = {isa = PBXFileReference; fileEncoding = 4; lastKnownFileType = sourcecode.swift; name = "CreatorSummary+Role.swift"; path = "Response/Creators/CreatorSummary+Role.swift"; sourceTree = "<group>"; };
		AD3E3DBF1F00318300F0EF27 /* CommonCryptoWrapper.framework */ = {isa = PBXFileReference; explicitFileType = wrapper.framework; includeInIndex = 0; path = CommonCryptoWrapper.framework; sourceTree = BUILT_PRODUCTS_DIR; };
		AD3E3DC11F00318300F0EF27 /* CommonCryptoWrapper.h */ = {isa = PBXFileReference; lastKnownFileType = sourcecode.c.h; path = CommonCryptoWrapper.h; sourceTree = "<group>"; };
		AD3E3DC21F00318300F0EF27 /* Info.plist */ = {isa = PBXFileReference; lastKnownFileType = text.plist.xml; path = Info.plist; sourceTree = "<group>"; };
		AD3E3DC71F00318300F0EF27 /* CommonCryptoWrapperTests.xctest */ = {isa = PBXFileReference; explicitFileType = wrapper.cfbundle; includeInIndex = 0; path = CommonCryptoWrapperTests.xctest; sourceTree = BUILT_PRODUCTS_DIR; };
		AD3E3DCC1F00318300F0EF27 /* CommonCryptoWrapperTests.m */ = {isa = PBXFileReference; lastKnownFileType = sourcecode.c.objc; path = CommonCryptoWrapperTests.m; sourceTree = "<group>"; };
		AD3E3DCE1F00318300F0EF27 /* Info.plist */ = {isa = PBXFileReference; lastKnownFileType = text.plist.xml; path = Info.plist; sourceTree = "<group>"; };
		AD3E3DD61F0031DE00F0EF27 /* NSString+MD5.h */ = {isa = PBXFileReference; fileEncoding = 4; lastKnownFileType = sourcecode.c.h; path = "NSString+MD5.h"; sourceTree = "<group>"; };
		AD3E3DD71F0031DE00F0EF27 /* NSString+MD5.m */ = {isa = PBXFileReference; fileEncoding = 4; lastKnownFileType = sourcecode.c.objc; path = "NSString+MD5.m"; sourceTree = "<group>"; };
		AD3E3DDB1F00415C00F0EF27 /* ImageTests.swift */ = {isa = PBXFileReference; fileEncoding = 4; lastKnownFileType = sourcecode.swift; path = ImageTests.swift; sourceTree = "<group>"; };
		AD3E3DDD1F00507F00F0EF27 /* Date+Factory.swift */ = {isa = PBXFileReference; fileEncoding = 4; lastKnownFileType = sourcecode.swift; path = "Date+Factory.swift"; sourceTree = "<group>"; };
/* End PBXFileReference section */

/* Begin PBXFrameworksBuildPhase section */
		352072631CD34A0F009BC420 /* Frameworks */ = {
			isa = PBXFrameworksBuildPhase;
			buildActionMask = 2147483647;
			files = (
				AD3E3DDA1F00354E00F0EF27 /* CommonCryptoWrapper.framework in Frameworks */,
			);
			runOnlyForDeploymentPostprocessing = 0;
		};
		3520726E1CD34A10009BC420 /* Frameworks */ = {
			isa = PBXFrameworksBuildPhase;
			buildActionMask = 2147483647;
			files = (
				352072721CD34A10009BC420 /* MarvelKit.framework in Frameworks */,
			);
			runOnlyForDeploymentPostprocessing = 0;
		};
		AD3E3DBB1F00318300F0EF27 /* Frameworks */ = {
			isa = PBXFrameworksBuildPhase;
			buildActionMask = 2147483647;
			files = (
			);
			runOnlyForDeploymentPostprocessing = 0;
		};
		AD3E3DC41F00318300F0EF27 /* Frameworks */ = {
			isa = PBXFrameworksBuildPhase;
			buildActionMask = 2147483647;
			files = (
				AD3E3DC81F00318300F0EF27 /* CommonCryptoWrapper.framework in Frameworks */,
			);
			runOnlyForDeploymentPostprocessing = 0;
		};
/* End PBXFrameworksBuildPhase section */

/* Begin PBXGroup section */
		350156921CDB8D8C0021759D /* Characters */ = {
			isa = PBXGroup;
			children = (
				350156AF1CDB8F760021759D /* Character+ResourceProtocol.swift */,
				350156991CDB8E030021759D /* CharacterFilter.swift */,
				3528E7781CE8E7DD00A53022 /* CharacterParameter.swift */,
			);
			name = Characters;
			sourceTree = "<group>";
		};
		350156931CDB8D930021759D /* Comics */ = {
			isa = PBXGroup;
			children = (
				350156AD1CDB8F6F0021759D /* Comic+ResourceProtocol.swift */,
				3501569B1CDB8E5E0021759D /* ComicFilter.swift */,
				3528E77C1CE8EC0600A53022 /* ComicParameter.swift */,
			);
			name = Comics;
			sourceTree = "<group>";
		};
		350156941CDB8D980021759D /* Common */ = {
			isa = PBXGroup;
			children = (
				3528E78C1CE9E11700A53022 /* Authentication.swift */,
				3528E78E1CE9EAF000A53022 /* Request.swift */,
				350156841CDB83090021759D /* Resource.swift */,
				350156821CDB82B50021759D /* ResourceFilter.swift */,
				3528E7761CE8E63200A53022 /* ResourceParameter.swift */,
			);
			name = Common;
			sourceTree = "<group>";
		};
		350156951CDB8D9D0021759D /* Creators */ = {
			isa = PBXGroup;
			children = (
				350156AB1CDB8F650021759D /* Creator+ResourceProtocol.swift */,
				3501569D1CDB8E850021759D /* CreatorFilter.swift */,
				3528E77E1CE8EC2000A53022 /* CreatorParameter.swift */,
			);
			name = Creators;
			sourceTree = "<group>";
		};
		350156961CDB8DA20021759D /* Events */ = {
			isa = PBXGroup;
			children = (
				350156A91CDB8F5F0021759D /* Event+ResourceProtocol.swift */,
				3501569F1CDB8EAB0021759D /* EventFilter.swift */,
				3528E7801CE8EC3000A53022 /* EventParameter.swift */,
			);
			name = Events;
			sourceTree = "<group>";
		};
		350156971CDB8DA70021759D /* Series */ = {
			isa = PBXGroup;
			children = (
				350156A71CDB8F580021759D /* Series+ResourceProtocol.swift */,
				350156A11CDB8ED60021759D /* SeriesFilter.swift */,
				3528E7821CE8EC4600A53022 /* SeriesParameter.swift */,
			);
			name = Series;
			sourceTree = "<group>";
		};
		350156981CDB8DAE0021759D /* Stories */ = {
			isa = PBXGroup;
			children = (
				350156A51CDB8F520021759D /* Story+ResourceProtocol.swift */,
				350156A31CDB8EF40021759D /* StoryFilter.swift */,
				3528E7841CE8EC6100A53022 /* StoryParameter.swift */,
			);
			name = Stories;
			sourceTree = "<group>";
		};
		3520725D1CD34A0F009BC420 = {
			isa = PBXGroup;
			children = (
				352072691CD34A0F009BC420 /* MarvelKit */,
				352072751CD34A10009BC420 /* MarvelKitTests */,
				AD3E3DC01F00318300F0EF27 /* CommonCryptoWrapper */,
				AD3E3DCB1F00318300F0EF27 /* CommonCryptoWrapperTests */,
				352072681CD34A0F009BC420 /* Products */,
			);
			sourceTree = "<group>";
		};
		352072681CD34A0F009BC420 /* Products */ = {
			isa = PBXGroup;
			children = (
				352072671CD34A0F009BC420 /* MarvelKit.framework */,
				352072711CD34A10009BC420 /* MarvelKitTests.xctest */,
				AD3E3DBF1F00318300F0EF27 /* CommonCryptoWrapper.framework */,
				AD3E3DC71F00318300F0EF27 /* CommonCryptoWrapperTests.xctest */,
			);
			name = Products;
			sourceTree = "<group>";
		};
		352072691CD34A0F009BC420 /* MarvelKit */ = {
			isa = PBXGroup;
			children = (
				3528E76F1CE8B03500A53022 /* Extensions */,
				352072821CD35405009BC420 /* Request */,
				352072811CD35400009BC420 /* Response */,
				3520731E1CD3AB22009BC420 /* Utils */,
				3520726C1CD34A0F009BC420 /* Info.plist */,
				3520726A1CD34A0F009BC420 /* MarvelKit.h */,
				3518CE741E1912F1007885D1 /* MarvelKitClient.swift */,
			);
			path = MarvelKit;
			sourceTree = "<group>";
		};
		352072751CD34A10009BC420 /* MarvelKitTests */ = {
			isa = PBXGroup;
			children = (
				352364831CFB42FC002A30B8 /* Request Authentication */,
				3528E7901CE9EDA100A53022 /* Request Parameters */,
				35E4078C1CF60A8400C67469 /* Request URLs */,
				3520732F1CD3CD17009BC420 /* Resources */,
				3528E6DF1CE23B3A00A53022 /* Response */,
				352072781CD34A10009BC420 /* Info.plist */,
				AD3E3DDD1F00507F00F0EF27 /* Date+Factory.swift */,
			);
			path = MarvelKitTests;
			sourceTree = "<group>";
		};
		352072811CD35400009BC420 /* Response */ = {
			isa = PBXGroup;
			children = (
				352072C91CD367F9009BC420 /* Characters */,
				352072CA1CD36813009BC420 /* Comics */,
				3520731D1CD371AB009BC420 /* Common */,
				352072CB1CD36825009BC420 /* Creators */,
				352072CC1CD36831009BC420 /* Events */,
				352072CD1CD3683B009BC420 /* Series */,
				352072CE1CD36845009BC420 /* Stories */,
			);
			name = Response;
			sourceTree = "<group>";
		};
		352072821CD35405009BC420 /* Request */ = {
			isa = PBXGroup;
			children = (
				350156921CDB8D8C0021759D /* Characters */,
				350156931CDB8D930021759D /* Comics */,
				350156941CDB8D980021759D /* Common */,
				350156951CDB8D9D0021759D /* Creators */,
				350156961CDB8DA20021759D /* Events */,
				350156971CDB8DA70021759D /* Series */,
				350156981CDB8DAE0021759D /* Stories */,
			);
			name = Request;
			sourceTree = "<group>";
		};
		352072C91CD367F9009BC420 /* Characters */ = {
			isa = PBXGroup;
			children = (
				352072CF1CD36928009BC420 /* Character.swift */,
				352072D31CD36928009BC420 /* CharacterSummary.swift */,
			);
			name = Characters;
			sourceTree = "<group>";
		};
		352072CA1CD36813009BC420 /* Comics */ = {
			isa = PBXGroup;
			children = (
				352072D91CD3694A009BC420 /* Comic.swift */,
				352072DC1CD3694A009BC420 /* ComicDate.swift */,
				352072DE1CD3694A009BC420 /* ComicPrice.swift */,
				352072DF1CD3694A009BC420 /* ComicSummary.swift */,
			);
			name = Comics;
			sourceTree = "<group>";
		};
		352072CB1CD36825009BC420 /* Creators */ = {
			isa = PBXGroup;
			children = (
				352072E71CD36963009BC420 /* Creator.swift */,
				352072EB1CD36963009BC420 /* CreatorSummary.swift */,
				AD0052391EEB4CE2007F2161 /* CreatorSummary+Role.swift */,
			);
			name = Creators;
			sourceTree = "<group>";
		};
		352072CC1CD36831009BC420 /* Events */ = {
			isa = PBXGroup;
			children = (
				352072F11CD3699B009BC420 /* Event.swift */,
				352072F51CD3699B009BC420 /* EventSummary.swift */,
			);
			name = Events;
			sourceTree = "<group>";
		};
		352072CD1CD3683B009BC420 /* Series */ = {
			isa = PBXGroup;
			children = (
				352072FB1CD369A6009BC420 /* Series.swift */,
				352072FF1CD369A6009BC420 /* SeriesSummary.swift */,
			);
			name = Series;
			sourceTree = "<group>";
		};
		352072CE1CD36845009BC420 /* Stories */ = {
			isa = PBXGroup;
			children = (
				352073051CD369AF009BC420 /* Story.swift */,
				352073091CD369AF009BC420 /* StorySummary.swift */,
			);
			name = Stories;
			sourceTree = "<group>";
		};
		3520731D1CD371AB009BC420 /* Common */ = {
			isa = PBXGroup;
			children = (
				352073111CD3713B009BC420 /* Data.swift */,
				352073131CD3714A009BC420 /* DataContainer.swift */,
				352073151CD3715A009BC420 /* DataWrapper.swift */,
				3528E76D1CE8A04C00A53022 /* Error.swift */,
				3520728F1CD35422009BC420 /* Image.swift */,
				352073191CD37180009BC420 /* List.swift */,
				3520731B1CD371A4009BC420 /* Summary.swift */,
				352072951CD35422009BC420 /* TextObject.swift */,
				352072961CD35422009BC420 /* Url.swift */,
			);
			name = Common;
			sourceTree = "<group>";
		};
		3520731E1CD3AB22009BC420 /* Utils */ = {
			isa = PBXGroup;
			children = (
				3520731F1CD3B053009BC420 /* JSONObjectConvertible.swift */,
			);
			name = Utils;
			sourceTree = "<group>";
		};
		3520732F1CD3CD17009BC420 /* Resources */ = {
			isa = PBXGroup;
			children = (
				352073341CD3CE14009BC420 /* CharacterTests.json */,
				352073351CD3CE14009BC420 /* ComicTests.json */,
				352073331CD3CE14009BC420 /* CreatorTests.json */,
				352073321CD3CE14009BC420 /* EventTests.json */,
				352073311CD3CE14009BC420 /* SeriesTests.json */,
				352073301CD3CE14009BC420 /* StoryTests.json */,
			);
			name = Resources;
			sourceTree = "<group>";
		};
		352364831CFB42FC002A30B8 /* Request Authentication */ = {
			isa = PBXGroup;
			children = (
				3528E7931CE9EDDF00A53022 /* AuthenticationTests.swift */,
			);
			name = "Request Authentication";
			sourceTree = "<group>";
		};
		3528E6DF1CE23B3A00A53022 /* Response */ = {
			isa = PBXGroup;
			children = (
				352073231CD3CC73009BC420 /* CharacterTests.swift */,
				352073251CD3CC7E009BC420 /* ComicTests.swift */,
				352073271CD3CC91009BC420 /* CreatorTests.swift */,
				352073291CD3CCA5009BC420 /* EventTests.swift */,
				AD3E3DDB1F00415C00F0EF27 /* ImageTests.swift */,
				3520732B1CD3CCB2009BC420 /* SeriesTests.swift */,
				3520732D1CD3CCBD009BC420 /* StoryTests.swift */,
			);
			name = Response;
			sourceTree = "<group>";
		};
		3528E76F1CE8B03500A53022 /* Extensions */ = {
			isa = PBXGroup;
			children = (
				3528E7861CE90BE300A53022 /* DateFormatter+Conversion.swift */,
				3528E78A1CE9328E00A53022 /* Sequence+Reduce.swift */,
				3528E7701CE8B05000A53022 /* URL+Parameters.swift */,
				3528E7721CE8B0A500A53022 /* URLSession+Tasks.swift */,
			);
			name = Extensions;
			sourceTree = "<group>";
		};
		3528E7901CE9EDA100A53022 /* Request Parameters */ = {
			isa = PBXGroup;
			children = (
				3528E7991CEA47FB00A53022 /* CharacterParameterTests.swift */,
				3528E7971CEA23EC00A53022 /* ComicParameterTests.swift */,
				3528E79B1CEA4B6400A53022 /* CreatorParameterTests.swift */,
				3528E79D1CEA4BA400A53022 /* EventParameterTests.swift */,
				3528E79F1CEA4BC800A53022 /* SeriesParameterTests.swift */,
				3528E7A11CEA4BE900A53022 /* StoryParameterTests.swift */,
			);
			name = "Request Parameters";
			sourceTree = "<group>";
		};
		35E4078C1CF60A8400C67469 /* Request URLs */ = {
			isa = PBXGroup;
			children = (
				352364791CFB40D9002A30B8 /* CharacterURLTests.swift */,
				352364771CFB40B2002A30B8 /* ComicURLTests.swift */,
				3523647B1CFB40E7002A30B8 /* CreatorURLTests.swift */,
				3523647D1CFB40F3002A30B8 /* EventURLTests.swift */,
				3523647F1CFB4100002A30B8 /* SeriesURLTests.swift */,
				352364811CFB410B002A30B8 /* StoryURLTests.swift */,
			);
			name = "Request URLs";
			sourceTree = "<group>";
		};
		AD3E3DC01F00318300F0EF27 /* CommonCryptoWrapper */ = {
			isa = PBXGroup;
			children = (
				AD3E3DC11F00318300F0EF27 /* CommonCryptoWrapper.h */,
				AD3E3DD61F0031DE00F0EF27 /* NSString+MD5.h */,
				AD3E3DD71F0031DE00F0EF27 /* NSString+MD5.m */,
				AD3E3DC21F00318300F0EF27 /* Info.plist */,
			);
			path = CommonCryptoWrapper;
			sourceTree = "<group>";
		};
		AD3E3DCB1F00318300F0EF27 /* CommonCryptoWrapperTests */ = {
			isa = PBXGroup;
			children = (
				AD3E3DCC1F00318300F0EF27 /* CommonCryptoWrapperTests.m */,
				AD3E3DCE1F00318300F0EF27 /* Info.plist */,
			);
			path = CommonCryptoWrapperTests;
			sourceTree = "<group>";
		};
/* End PBXGroup section */

/* Begin PBXHeadersBuildPhase section */
		352072641CD34A0F009BC420 /* Headers */ = {
			isa = PBXHeadersBuildPhase;
			buildActionMask = 2147483647;
			files = (
				3520726B1CD34A0F009BC420 /* MarvelKit.h in Headers */,
			);
			runOnlyForDeploymentPostprocessing = 0;
		};
		AD3E3DBC1F00318300F0EF27 /* Headers */ = {
			isa = PBXHeadersBuildPhase;
			buildActionMask = 2147483647;
			files = (
				AD3E3DCF1F00318300F0EF27 /* CommonCryptoWrapper.h in Headers */,
				AD3E3DD81F0031DE00F0EF27 /* NSString+MD5.h in Headers */,
			);
			runOnlyForDeploymentPostprocessing = 0;
		};
/* End PBXHeadersBuildPhase section */

/* Begin PBXNativeTarget section */
		352072661CD34A0F009BC420 /* MarvelKit */ = {
			isa = PBXNativeTarget;
			buildConfigurationList = 3520727B1CD34A10009BC420 /* Build configuration list for PBXNativeTarget "MarvelKit" */;
			buildPhases = (
				AD00523B1EEB52AC007F2161 /* Mark TODOs and FIXMEs as warnings */,
				352072621CD34A0F009BC420 /* Sources */,
				352072631CD34A0F009BC420 /* Frameworks */,
				352072641CD34A0F009BC420 /* Headers */,
				352072651CD34A0F009BC420 /* Resources */,
			);
			buildRules = (
			);
			dependencies = (
			);
			name = MarvelKit;
			productName = MarvelKit;
			productReference = 352072671CD34A0F009BC420 /* MarvelKit.framework */;
			productType = "com.apple.product-type.framework";
		};
		352072701CD34A10009BC420 /* MarvelKitTests */ = {
			isa = PBXNativeTarget;
			buildConfigurationList = 3520727E1CD34A10009BC420 /* Build configuration list for PBXNativeTarget "MarvelKitTests" */;
			buildPhases = (
				3520726D1CD34A10009BC420 /* Sources */,
				3520726E1CD34A10009BC420 /* Frameworks */,
				3520726F1CD34A10009BC420 /* Resources */,
			);
			buildRules = (
			);
			dependencies = (
				352072741CD34A10009BC420 /* PBXTargetDependency */,
			);
			name = MarvelKitTests;
			productName = MarvelKitTests;
			productReference = 352072711CD34A10009BC420 /* MarvelKitTests.xctest */;
			productType = "com.apple.product-type.bundle.unit-test";
		};
		AD3E3DBE1F00318300F0EF27 /* CommonCryptoWrapper */ = {
			isa = PBXNativeTarget;
			buildConfigurationList = AD3E3DD41F00318300F0EF27 /* Build configuration list for PBXNativeTarget "CommonCryptoWrapper" */;
			buildPhases = (
				AD3E3DBA1F00318300F0EF27 /* Sources */,
				AD3E3DBB1F00318300F0EF27 /* Frameworks */,
				AD3E3DBC1F00318300F0EF27 /* Headers */,
				AD3E3DBD1F00318300F0EF27 /* Resources */,
			);
			buildRules = (
			);
			dependencies = (
			);
			name = CommonCryptoWrapper;
			productName = CommonCryptoWrapper;
			productReference = AD3E3DBF1F00318300F0EF27 /* CommonCryptoWrapper.framework */;
			productType = "com.apple.product-type.framework";
		};
		AD3E3DC61F00318300F0EF27 /* CommonCryptoWrapperTests */ = {
			isa = PBXNativeTarget;
			buildConfigurationList = AD3E3DD51F00318300F0EF27 /* Build configuration list for PBXNativeTarget "CommonCryptoWrapperTests" */;
			buildPhases = (
				AD3E3DC31F00318300F0EF27 /* Sources */,
				AD3E3DC41F00318300F0EF27 /* Frameworks */,
				AD3E3DC51F00318300F0EF27 /* Resources */,
			);
			buildRules = (
			);
			dependencies = (
				AD3E3DCA1F00318300F0EF27 /* PBXTargetDependency */,
			);
			name = CommonCryptoWrapperTests;
			productName = CommonCryptoWrapperTests;
			productReference = AD3E3DC71F00318300F0EF27 /* CommonCryptoWrapperTests.xctest */;
			productType = "com.apple.product-type.bundle.unit-test";
		};
/* End PBXNativeTarget section */

/* Begin PBXProject section */
		3520725E1CD34A0F009BC420 /* Project object */ = {
			isa = PBXProject;
			attributes = {
				LastSwiftUpdateCheck = 0730;
				LastUpgradeCheck = 0900;
				ORGANIZATIONNAME = cargath;
				TargetAttributes = {
					352072661CD34A0F009BC420 = {
						CreatedOnToolsVersion = 7.3;
						LastSwiftMigration = 0900;
					};
					352072701CD34A10009BC420 = {
						CreatedOnToolsVersion = 7.3;
						DevelopmentTeam = FNU454NQ6G;
						LastSwiftMigration = 0900;
						ProvisioningStyle = Automatic;
					};
					AD3E3DBE1F00318300F0EF27 = {
						CreatedOnToolsVersion = 8.3.3;
						ProvisioningStyle = Manual;
					};
					AD3E3DC61F00318300F0EF27 = {
						CreatedOnToolsVersion = 8.3.3;
						DevelopmentTeam = FNU454NQ6G;
						ProvisioningStyle = Automatic;
					};
				};
			};
			buildConfigurationList = 352072611CD34A0F009BC420 /* Build configuration list for PBXProject "MarvelKit" */;
			compatibilityVersion = "Xcode 3.2";
			developmentRegion = English;
			hasScannedForEncodings = 0;
			knownRegions = (
				en,
			);
			mainGroup = 3520725D1CD34A0F009BC420;
			productRefGroup = 352072681CD34A0F009BC420 /* Products */;
			projectDirPath = "";
			projectRoot = "";
			targets = (
				352072661CD34A0F009BC420 /* MarvelKit */,
				352072701CD34A10009BC420 /* MarvelKitTests */,
				AD3E3DBE1F00318300F0EF27 /* CommonCryptoWrapper */,
				AD3E3DC61F00318300F0EF27 /* CommonCryptoWrapperTests */,
			);
		};
/* End PBXProject section */

/* Begin PBXResourcesBuildPhase section */
		352072651CD34A0F009BC420 /* Resources */ = {
			isa = PBXResourcesBuildPhase;
			buildActionMask = 2147483647;
			files = (
			);
			runOnlyForDeploymentPostprocessing = 0;
		};
		3520726F1CD34A10009BC420 /* Resources */ = {
			isa = PBXResourcesBuildPhase;
			buildActionMask = 2147483647;
			files = (
				352073391CD3CE14009BC420 /* CreatorTests.json in Resources */,
				3520733B1CD3CE14009BC420 /* ComicTests.json in Resources */,
				352073381CD3CE14009BC420 /* EventTests.json in Resources */,
				3520733A1CD3CE14009BC420 /* CharacterTests.json in Resources */,
				352073371CD3CE14009BC420 /* SeriesTests.json in Resources */,
				352073361CD3CE14009BC420 /* StoryTests.json in Resources */,
			);
			runOnlyForDeploymentPostprocessing = 0;
		};
		AD3E3DBD1F00318300F0EF27 /* Resources */ = {
			isa = PBXResourcesBuildPhase;
			buildActionMask = 2147483647;
			files = (
			);
			runOnlyForDeploymentPostprocessing = 0;
		};
		AD3E3DC51F00318300F0EF27 /* Resources */ = {
			isa = PBXResourcesBuildPhase;
			buildActionMask = 2147483647;
			files = (
			);
			runOnlyForDeploymentPostprocessing = 0;
		};
/* End PBXResourcesBuildPhase section */

/* Begin PBXShellScriptBuildPhase section */
		AD00523B1EEB52AC007F2161 /* Mark TODOs and FIXMEs as warnings */ = {
			isa = PBXShellScriptBuildPhase;
			buildActionMask = 2147483647;
			files = (
			);
			inputPaths = (
			);
			name = "Mark TODOs and FIXMEs as warnings";
			outputPaths = (
			);
			runOnlyForDeploymentPostprocessing = 0;
			shellPath = /bin/sh;
			shellScript = "TAGS=\"TODO|FIXME\"\necho \"searching ${SRCROOT} for ${TAGS}\"\nfind \"${SRCROOT}\" \\( -name \"*.swift\" \\) -print0 | xargs -0 egrep --with-filename --line-number --only-matching \"($TAGS).*\\$\" | perl -p -e \"s/($TAGS)/ warning: \\$1/\"";
		};
/* End PBXShellScriptBuildPhase section */

/* Begin PBXSourcesBuildPhase section */
		352072621CD34A0F009BC420 /* Sources */ = {
			isa = PBXSourcesBuildPhase;
			buildActionMask = 2147483647;
			files = (
				3528E7811CE8EC3000A53022 /* EventParameter.swift in Sources */,
				352072F01CD36963009BC420 /* CreatorSummary.swift in Sources */,
				3528E78F1CE9EAF000A53022 /* Request.swift in Sources */,
				3528E7851CE8EC6100A53022 /* StoryParameter.swift in Sources */,
				352073001CD369A6009BC420 /* Series.swift in Sources */,
				350156AA1CDB8F5F0021759D /* Event+ResourceProtocol.swift in Sources */,
				352072D81CD36928009BC420 /* CharacterSummary.swift in Sources */,
				352073201CD3B053009BC420 /* JSONObjectConvertible.swift in Sources */,
				3520731C1CD371A4009BC420 /* Summary.swift in Sources */,
				352073121CD3713B009BC420 /* Data.swift in Sources */,
				352072E61CD3694A009BC420 /* ComicSummary.swift in Sources */,
				3528E76E1CE8A04C00A53022 /* Error.swift in Sources */,
				350156A01CDB8EAB0021759D /* EventFilter.swift in Sources */,
				352073161CD3715A009BC420 /* DataWrapper.swift in Sources */,
				3528E7711CE8B05000A53022 /* URL+Parameters.swift in Sources */,
				352072A31CD35422009BC420 /* Image.swift in Sources */,
				3501569C1CDB8E5E0021759D /* ComicFilter.swift in Sources */,
				352072A91CD35422009BC420 /* TextObject.swift in Sources */,
				352072E51CD3694A009BC420 /* ComicPrice.swift in Sources */,
				350156A81CDB8F580021759D /* Series+ResourceProtocol.swift in Sources */,
				3520731A1CD37180009BC420 /* List.swift in Sources */,
				350156851CDB83090021759D /* Resource.swift in Sources */,
				350156AC1CDB8F650021759D /* Creator+ResourceProtocol.swift in Sources */,
				352072EC1CD36963009BC420 /* Creator.swift in Sources */,
				3528E7771CE8E63200A53022 /* ResourceParameter.swift in Sources */,
				3528E7871CE90BE300A53022 /* DateFormatter+Conversion.swift in Sources */,
				352072FA1CD3699B009BC420 /* EventSummary.swift in Sources */,
				3501569A1CDB8E030021759D /* CharacterFilter.swift in Sources */,
				350156AE1CDB8F6F0021759D /* Comic+ResourceProtocol.swift in Sources */,
				350156831CDB82B50021759D /* ResourceFilter.swift in Sources */,
				352072E31CD3694A009BC420 /* ComicDate.swift in Sources */,
				352073041CD369A6009BC420 /* SeriesSummary.swift in Sources */,
				350156A41CDB8EF40021759D /* StoryFilter.swift in Sources */,
				350156A61CDB8F520021759D /* Story+ResourceProtocol.swift in Sources */,
				3520730E1CD369AF009BC420 /* StorySummary.swift in Sources */,
				3528E7791CE8E7DD00A53022 /* CharacterParameter.swift in Sources */,
				3528E78B1CE9328E00A53022 /* Sequence+Reduce.swift in Sources */,
				350156A21CDB8ED60021759D /* SeriesFilter.swift in Sources */,
				352072E01CD3694A009BC420 /* Comic.swift in Sources */,
				350156B01CDB8F760021759D /* Character+ResourceProtocol.swift in Sources */,
				352073141CD3714A009BC420 /* DataContainer.swift in Sources */,
				3528E7731CE8B0A500A53022 /* URLSession+Tasks.swift in Sources */,
				3528E78D1CE9E11700A53022 /* Authentication.swift in Sources */,
				3528E77D1CE8EC0600A53022 /* ComicParameter.swift in Sources */,
				3518CE751E1912F1007885D1 /* MarvelKitClient.swift in Sources */,
				352072D41CD36928009BC420 /* Character.swift in Sources */,
				352072F61CD3699B009BC420 /* Event.swift in Sources */,
				352072AA1CD35422009BC420 /* Url.swift in Sources */,
				AD00523A1EEB4CE2007F2161 /* CreatorSummary+Role.swift in Sources */,
				3528E7831CE8EC4600A53022 /* SeriesParameter.swift in Sources */,
				3501569E1CDB8E850021759D /* CreatorFilter.swift in Sources */,
				3528E77F1CE8EC2000A53022 /* CreatorParameter.swift in Sources */,
				3520730A1CD369AF009BC420 /* Story.swift in Sources */,
			);
			runOnlyForDeploymentPostprocessing = 0;
		};
		3520726D1CD34A10009BC420 /* Sources */ = {
			isa = PBXSourcesBuildPhase;
			buildActionMask = 2147483647;
			files = (
				3528E7A01CEA4BC800A53022 /* SeriesParameterTests.swift in Sources */,
				3528E79E1CEA4BA400A53022 /* EventParameterTests.swift in Sources */,
				3520732C1CD3CCB2009BC420 /* SeriesTests.swift in Sources */,
				352073281CD3CC91009BC420 /* CreatorTests.swift in Sources */,
				3520732E1CD3CCBD009BC420 /* StoryTests.swift in Sources */,
				AD3E3DDC1F00415C00F0EF27 /* ImageTests.swift in Sources */,
				3528E7981CEA23ED00A53022 /* ComicParameterTests.swift in Sources */,
				3523647C1CFB40E7002A30B8 /* CreatorURLTests.swift in Sources */,
				3520732A1CD3CCA5009BC420 /* EventTests.swift in Sources */,
				352364821CFB410B002A30B8 /* StoryURLTests.swift in Sources */,
				352364801CFB4100002A30B8 /* SeriesURLTests.swift in Sources */,
				352073261CD3CC7E009BC420 /* ComicTests.swift in Sources */,
				3528E79A1CEA47FB00A53022 /* CharacterParameterTests.swift in Sources */,
				AD3E3DDE1F00507F00F0EF27 /* Date+Factory.swift in Sources */,
				352073241CD3CC73009BC420 /* CharacterTests.swift in Sources */,
				3528E79C1CEA4B6400A53022 /* CreatorParameterTests.swift in Sources */,
				3523647E1CFB40F3002A30B8 /* EventURLTests.swift in Sources */,
				3528E7941CE9EDDF00A53022 /* AuthenticationTests.swift in Sources */,
				3523647A1CFB40D9002A30B8 /* CharacterURLTests.swift in Sources */,
				3528E7A21CEA4BE900A53022 /* StoryParameterTests.swift in Sources */,
				352364781CFB40B2002A30B8 /* ComicURLTests.swift in Sources */,
			);
			runOnlyForDeploymentPostprocessing = 0;
		};
		AD3E3DBA1F00318300F0EF27 /* Sources */ = {
			isa = PBXSourcesBuildPhase;
			buildActionMask = 2147483647;
			files = (
				AD3E3DD91F0031DE00F0EF27 /* NSString+MD5.m in Sources */,
			);
			runOnlyForDeploymentPostprocessing = 0;
		};
		AD3E3DC31F00318300F0EF27 /* Sources */ = {
			isa = PBXSourcesBuildPhase;
			buildActionMask = 2147483647;
			files = (
				AD3E3DCD1F00318300F0EF27 /* CommonCryptoWrapperTests.m in Sources */,
			);
			runOnlyForDeploymentPostprocessing = 0;
		};
/* End PBXSourcesBuildPhase section */

/* Begin PBXTargetDependency section */
		352072741CD34A10009BC420 /* PBXTargetDependency */ = {
			isa = PBXTargetDependency;
			target = 352072661CD34A0F009BC420 /* MarvelKit */;
			targetProxy = 352072731CD34A10009BC420 /* PBXContainerItemProxy */;
		};
		AD3E3DCA1F00318300F0EF27 /* PBXTargetDependency */ = {
			isa = PBXTargetDependency;
			target = AD3E3DBE1F00318300F0EF27 /* CommonCryptoWrapper */;
			targetProxy = AD3E3DC91F00318300F0EF27 /* PBXContainerItemProxy */;
		};
/* End PBXTargetDependency section */

/* Begin XCBuildConfiguration section */
		352072791CD34A10009BC420 /* Debug */ = {
			isa = XCBuildConfiguration;
			buildSettings = {
				ALWAYS_SEARCH_USER_PATHS = NO;
				CLANG_ANALYZER_NONNULL = YES;
				CLANG_CXX_LANGUAGE_STANDARD = "gnu++0x";
				CLANG_CXX_LIBRARY = "libc++";
				CLANG_ENABLE_MODULES = YES;
				CLANG_ENABLE_OBJC_ARC = YES;
				CLANG_WARN_BLOCK_CAPTURE_AUTORELEASING = YES;
				CLANG_WARN_BOOL_CONVERSION = YES;
				CLANG_WARN_COMMA = YES;
				CLANG_WARN_CONSTANT_CONVERSION = YES;
				CLANG_WARN_DIRECT_OBJC_ISA_USAGE = YES_ERROR;
				CLANG_WARN_EMPTY_BODY = YES;
				CLANG_WARN_ENUM_CONVERSION = YES;
				CLANG_WARN_INFINITE_RECURSION = YES;
				CLANG_WARN_INT_CONVERSION = YES;
				CLANG_WARN_NON_LITERAL_NULL_CONVERSION = YES;
				CLANG_WARN_OBJC_LITERAL_CONVERSION = YES;
				CLANG_WARN_OBJC_ROOT_CLASS = YES_ERROR;
				CLANG_WARN_RANGE_LOOP_ANALYSIS = YES;
				CLANG_WARN_STRICT_PROTOTYPES = YES;
				CLANG_WARN_SUSPICIOUS_MOVE = YES;
				CLANG_WARN_UNREACHABLE_CODE = YES;
				CLANG_WARN__DUPLICATE_METHOD_MATCH = YES;
				"CODE_SIGN_IDENTITY[sdk=iphoneos*]" = "iPhone Developer";
				COPY_PHASE_STRIP = NO;
				CURRENT_PROJECT_VERSION = 1;
				DEBUG_INFORMATION_FORMAT = dwarf;
				ENABLE_STRICT_OBJC_MSGSEND = YES;
				ENABLE_TESTABILITY = YES;
				GCC_C_LANGUAGE_STANDARD = gnu99;
				GCC_DYNAMIC_NO_PIC = NO;
				GCC_NO_COMMON_BLOCKS = YES;
				GCC_OPTIMIZATION_LEVEL = 0;
				GCC_PREPROCESSOR_DEFINITIONS = (
					"DEBUG=1",
					"$(inherited)",
				);
				GCC_WARN_64_TO_32_BIT_CONVERSION = YES;
				GCC_WARN_ABOUT_RETURN_TYPE = YES_ERROR;
				GCC_WARN_UNDECLARED_SELECTOR = YES;
				GCC_WARN_UNINITIALIZED_AUTOS = YES_AGGRESSIVE;
				GCC_WARN_UNUSED_FUNCTION = YES;
				GCC_WARN_UNUSED_VARIABLE = YES;
				IPHONEOS_DEPLOYMENT_TARGET = 9.3;
				MTL_ENABLE_DEBUG_INFO = YES;
				ONLY_ACTIVE_ARCH = YES;
				SDKROOT = iphoneos;
				SWIFT_OPTIMIZATION_LEVEL = "-Onone";
				TARGETED_DEVICE_FAMILY = "1,2";
				VERSIONING_SYSTEM = "apple-generic";
				VERSION_INFO_PREFIX = "";
			};
			name = Debug;
		};
		3520727A1CD34A10009BC420 /* Release */ = {
			isa = XCBuildConfiguration;
			buildSettings = {
				ALWAYS_SEARCH_USER_PATHS = NO;
				CLANG_ANALYZER_NONNULL = YES;
				CLANG_CXX_LANGUAGE_STANDARD = "gnu++0x";
				CLANG_CXX_LIBRARY = "libc++";
				CLANG_ENABLE_MODULES = YES;
				CLANG_ENABLE_OBJC_ARC = YES;
				CLANG_WARN_BLOCK_CAPTURE_AUTORELEASING = YES;
				CLANG_WARN_BOOL_CONVERSION = YES;
				CLANG_WARN_COMMA = YES;
				CLANG_WARN_CONSTANT_CONVERSION = YES;
				CLANG_WARN_DIRECT_OBJC_ISA_USAGE = YES_ERROR;
				CLANG_WARN_EMPTY_BODY = YES;
				CLANG_WARN_ENUM_CONVERSION = YES;
				CLANG_WARN_INFINITE_RECURSION = YES;
				CLANG_WARN_INT_CONVERSION = YES;
				CLANG_WARN_NON_LITERAL_NULL_CONVERSION = YES;
				CLANG_WARN_OBJC_LITERAL_CONVERSION = YES;
				CLANG_WARN_OBJC_ROOT_CLASS = YES_ERROR;
				CLANG_WARN_RANGE_LOOP_ANALYSIS = YES;
				CLANG_WARN_STRICT_PROTOTYPES = YES;
				CLANG_WARN_SUSPICIOUS_MOVE = YES;
				CLANG_WARN_UNREACHABLE_CODE = YES;
				CLANG_WARN__DUPLICATE_METHOD_MATCH = YES;
				"CODE_SIGN_IDENTITY[sdk=iphoneos*]" = "iPhone Developer";
				COPY_PHASE_STRIP = NO;
				CURRENT_PROJECT_VERSION = 1;
				DEBUG_INFORMATION_FORMAT = "dwarf-with-dsym";
				ENABLE_NS_ASSERTIONS = NO;
				ENABLE_STRICT_OBJC_MSGSEND = YES;
				GCC_C_LANGUAGE_STANDARD = gnu99;
				GCC_NO_COMMON_BLOCKS = YES;
				GCC_WARN_64_TO_32_BIT_CONVERSION = YES;
				GCC_WARN_ABOUT_RETURN_TYPE = YES_ERROR;
				GCC_WARN_UNDECLARED_SELECTOR = YES;
				GCC_WARN_UNINITIALIZED_AUTOS = YES_AGGRESSIVE;
				GCC_WARN_UNUSED_FUNCTION = YES;
				GCC_WARN_UNUSED_VARIABLE = YES;
				IPHONEOS_DEPLOYMENT_TARGET = 9.3;
				MTL_ENABLE_DEBUG_INFO = NO;
				SDKROOT = iphoneos;
				SWIFT_OPTIMIZATION_LEVEL = "-Owholemodule";
				TARGETED_DEVICE_FAMILY = "1,2";
				VALIDATE_PRODUCT = YES;
				VERSIONING_SYSTEM = "apple-generic";
				VERSION_INFO_PREFIX = "";
			};
			name = Release;
		};
		3520727C1CD34A10009BC420 /* Debug */ = {
			isa = XCBuildConfiguration;
			buildSettings = {
				CLANG_ENABLE_MODULES = YES;
				"CODE_SIGN_IDENTITY[sdk=iphoneos*]" = "";
				DEFINES_MODULE = YES;
				DEVELOPMENT_TEAM = "";
				DYLIB_COMPATIBILITY_VERSION = 1;
				DYLIB_CURRENT_VERSION = 1;
				DYLIB_INSTALL_NAME_BASE = "@rpath";
				INFOPLIST_FILE = MarvelKit/Info.plist;
				INSTALL_PATH = "$(LOCAL_LIBRARY_DIR)/Frameworks";
				LD_RUNPATH_SEARCH_PATHS = "$(inherited) @executable_path/Frameworks @loader_path/Frameworks";
				PRODUCT_BUNDLE_IDENTIFIER = de.cargath.MarvelKit;
				PRODUCT_NAME = "$(TARGET_NAME)";
				SKIP_INSTALL = YES;
				SWIFT_OPTIMIZATION_LEVEL = "-Onone";
				SWIFT_VERSION = 4.0;
			};
			name = Debug;
		};
		3520727D1CD34A10009BC420 /* Release */ = {
			isa = XCBuildConfiguration;
			buildSettings = {
				CLANG_ENABLE_MODULES = YES;
				"CODE_SIGN_IDENTITY[sdk=iphoneos*]" = "";
				DEFINES_MODULE = YES;
				DEVELOPMENT_TEAM = "";
				DYLIB_COMPATIBILITY_VERSION = 1;
				DYLIB_CURRENT_VERSION = 1;
				DYLIB_INSTALL_NAME_BASE = "@rpath";
				INFOPLIST_FILE = MarvelKit/Info.plist;
				INSTALL_PATH = "$(LOCAL_LIBRARY_DIR)/Frameworks";
				LD_RUNPATH_SEARCH_PATHS = "$(inherited) @executable_path/Frameworks @loader_path/Frameworks";
				PRODUCT_BUNDLE_IDENTIFIER = de.cargath.MarvelKit;
				PRODUCT_NAME = "$(TARGET_NAME)";
				SKIP_INSTALL = YES;
				SWIFT_VERSION = 4.0;
			};
			name = Release;
		};
		3520727F1CD34A10009BC420 /* Debug */ = {
			isa = XCBuildConfiguration;
			buildSettings = {
				"CODE_SIGN_IDENTITY[sdk=iphoneos*]" = "iPhone Developer";
				CODE_SIGN_STYLE = Automatic;
				DEVELOPMENT_TEAM = FNU454NQ6G;
				INFOPLIST_FILE = MarvelKitTests/Info.plist;
				LD_RUNPATH_SEARCH_PATHS = "$(inherited) @executable_path/Frameworks @loader_path/Frameworks";
				PRODUCT_BUNDLE_IDENTIFIER = de.cargath.MarvelKitTests;
				PRODUCT_NAME = "$(TARGET_NAME)";
				PROVISIONING_PROFILE_SPECIFIER = "";
				SWIFT_SWIFT3_OBJC_INFERENCE = On;
				SWIFT_VERSION = 4.0;
			};
			name = Debug;
		};
		352072801CD34A10009BC420 /* Release */ = {
			isa = XCBuildConfiguration;
			buildSettings = {
				"CODE_SIGN_IDENTITY[sdk=iphoneos*]" = "iPhone Developer";
				CODE_SIGN_STYLE = Automatic;
				DEVELOPMENT_TEAM = FNU454NQ6G;
				INFOPLIST_FILE = MarvelKitTests/Info.plist;
				LD_RUNPATH_SEARCH_PATHS = "$(inherited) @executable_path/Frameworks @loader_path/Frameworks";
				PRODUCT_BUNDLE_IDENTIFIER = de.cargath.MarvelKitTests;
				PRODUCT_NAME = "$(TARGET_NAME)";
				PROVISIONING_PROFILE_SPECIFIER = "";
				SWIFT_SWIFT3_OBJC_INFERENCE = On;
				SWIFT_VERSION = 4.0;
			};
			name = Release;
		};
		AD3E3DD01F00318300F0EF27 /* Debug */ = {
			isa = XCBuildConfiguration;
			buildSettings = {
				CLANG_ANALYZER_NUMBER_OBJECT_CONVERSION = YES_AGGRESSIVE;
				CLANG_WARN_DOCUMENTATION_COMMENTS = YES;
				CODE_SIGN_IDENTITY = "";
				CODE_SIGN_STYLE = Manual;
				DEFINES_MODULE = YES;
				DEVELOPMENT_TEAM = "";
				DYLIB_COMPATIBILITY_VERSION = 1;
				DYLIB_CURRENT_VERSION = 1;
				DYLIB_INSTALL_NAME_BASE = "@rpath";
				INFOPLIST_FILE = CommonCryptoWrapper/Info.plist;
				INSTALL_PATH = "$(LOCAL_LIBRARY_DIR)/Frameworks";
				LD_RUNPATH_SEARCH_PATHS = "$(inherited) @executable_path/Frameworks @loader_path/Frameworks";
				PRODUCT_BUNDLE_IDENTIFIER = de.cargath.CommonCryptoWrapper;
				PRODUCT_NAME = "$(TARGET_NAME)";
				PROVISIONING_PROFILE_SPECIFIER = "";
				SKIP_INSTALL = YES;
			};
			name = Debug;
		};
		AD3E3DD11F00318300F0EF27 /* Release */ = {
			isa = XCBuildConfiguration;
			buildSettings = {
				CLANG_ANALYZER_NUMBER_OBJECT_CONVERSION = YES_AGGRESSIVE;
				CLANG_WARN_DOCUMENTATION_COMMENTS = YES;
				CODE_SIGN_IDENTITY = "";
				CODE_SIGN_STYLE = Manual;
				DEFINES_MODULE = YES;
				DEVELOPMENT_TEAM = "";
				DYLIB_COMPATIBILITY_VERSION = 1;
				DYLIB_CURRENT_VERSION = 1;
				DYLIB_INSTALL_NAME_BASE = "@rpath";
				INFOPLIST_FILE = CommonCryptoWrapper/Info.plist;
				INSTALL_PATH = "$(LOCAL_LIBRARY_DIR)/Frameworks";
				LD_RUNPATH_SEARCH_PATHS = "$(inherited) @executable_path/Frameworks @loader_path/Frameworks";
				PRODUCT_BUNDLE_IDENTIFIER = de.cargath.CommonCryptoWrapper;
				PRODUCT_NAME = "$(TARGET_NAME)";
				PROVISIONING_PROFILE_SPECIFIER = "";
				SKIP_INSTALL = YES;
			};
			name = Release;
		};
		AD3E3DD21F00318300F0EF27 /* Debug */ = {
			isa = XCBuildConfiguration;
			buildSettings = {
				CLANG_ANALYZER_NUMBER_OBJECT_CONVERSION = YES_AGGRESSIVE;
				CLANG_WARN_DOCUMENTATION_COMMENTS = YES;
				INFOPLIST_FILE = CommonCryptoWrapperTests/Info.plist;
				IPHONEOS_DEPLOYMENT_TARGET = 10.3;
				LD_RUNPATH_SEARCH_PATHS = "$(inherited) @executable_path/Frameworks @loader_path/Frameworks";
				PRODUCT_BUNDLE_IDENTIFIER = de.cargath.CommonCryptoWrapperTests;
				PRODUCT_NAME = "$(TARGET_NAME)";
			};
			name = Debug;
		};
		AD3E3DD31F00318300F0EF27 /* Release */ = {
			isa = XCBuildConfiguration;
			buildSettings = {
				CLANG_ANALYZER_NUMBER_OBJECT_CONVERSION = YES_AGGRESSIVE;
				CLANG_WARN_DOCUMENTATION_COMMENTS = YES;
				INFOPLIST_FILE = CommonCryptoWrapperTests/Info.plist;
				IPHONEOS_DEPLOYMENT_TARGET = 10.3;
				LD_RUNPATH_SEARCH_PATHS = "$(inherited) @executable_path/Frameworks @loader_path/Frameworks";
				PRODUCT_BUNDLE_IDENTIFIER = de.cargath.CommonCryptoWrapperTests;
				PRODUCT_NAME = "$(TARGET_NAME)";
			};
			name = Release;
		};
/* End XCBuildConfiguration section */

/* Begin XCConfigurationList section */
		352072611CD34A0F009BC420 /* Build configuration list for PBXProject "MarvelKit" */ = {
			isa = XCConfigurationList;
			buildConfigurations = (
				352072791CD34A10009BC420 /* Debug */,
				3520727A1CD34A10009BC420 /* Release */,
			);
			defaultConfigurationIsVisible = 0;
			defaultConfigurationName = Release;
		};
		3520727B1CD34A10009BC420 /* Build configuration list for PBXNativeTarget "MarvelKit" */ = {
			isa = XCConfigurationList;
			buildConfigurations = (
				3520727C1CD34A10009BC420 /* Debug */,
				3520727D1CD34A10009BC420 /* Release */,
			);
			defaultConfigurationIsVisible = 0;
			defaultConfigurationName = Release;
		};
		3520727E1CD34A10009BC420 /* Build configuration list for PBXNativeTarget "MarvelKitTests" */ = {
			isa = XCConfigurationList;
			buildConfigurations = (
				3520727F1CD34A10009BC420 /* Debug */,
				352072801CD34A10009BC420 /* Release */,
			);
			defaultConfigurationIsVisible = 0;
			defaultConfigurationName = Release;
		};
		AD3E3DD41F00318300F0EF27 /* Build configuration list for PBXNativeTarget "CommonCryptoWrapper" */ = {
			isa = XCConfigurationList;
			buildConfigurations = (
				AD3E3DD01F00318300F0EF27 /* Debug */,
				AD3E3DD11F00318300F0EF27 /* Release */,
			);
			defaultConfigurationIsVisible = 0;
			defaultConfigurationName = Release;
		};
		AD3E3DD51F00318300F0EF27 /* Build configuration list for PBXNativeTarget "CommonCryptoWrapperTests" */ = {
			isa = XCConfigurationList;
			buildConfigurations = (
				AD3E3DD21F00318300F0EF27 /* Debug */,
				AD3E3DD31F00318300F0EF27 /* Release */,
			);
			defaultConfigurationIsVisible = 0;
			defaultConfigurationName = Release;
		};
/* End XCConfigurationList section */
	};
	rootObject = 3520725E1CD34A0F009BC420 /* Project object */;
}
